// !$*UTF8*$!
{
	archiveVersion = 1;
	classes = {
	};
	objectVersion = 56;
	objects = {

/* Begin PBXBuildFile section */
		E359B13C29CF71530030AADE /* AppDelegate.swift in Sources */ = {isa = PBXBuildFile; fileRef = E359B13B29CF71530030AADE /* AppDelegate.swift */; };
		E359B13E29CF71530030AADE /* SceneDelegate.swift in Sources */ = {isa = PBXBuildFile; fileRef = E359B13D29CF71530030AADE /* SceneDelegate.swift */; };
		E359B14529CF71560030AADE /* Assets.xcassets in Resources */ = {isa = PBXBuildFile; fileRef = E359B14429CF71560030AADE /* Assets.xcassets */; };
		E359B14829CF71560030AADE /* LaunchScreen.storyboard in Resources */ = {isa = PBXBuildFile; fileRef = E359B14629CF71560030AADE /* LaunchScreen.storyboard */; };
		E359B15329CF71560030AADE /* MovieAppTests.swift in Sources */ = {isa = PBXBuildFile; fileRef = E359B15229CF71560030AADE /* MovieAppTests.swift */; };
		E359B15D29CF71570030AADE /* MovieAppUITests.swift in Sources */ = {isa = PBXBuildFile; fileRef = E359B15C29CF71570030AADE /* MovieAppUITests.swift */; };
		E359B15F29CF71570030AADE /* MovieAppUITestsLaunchTests.swift in Sources */ = {isa = PBXBuildFile; fileRef = E359B15E29CF71570030AADE /* MovieAppUITestsLaunchTests.swift */; };
		E359B16D29D087300030AADE /* PureLayout in Frameworks */ = {isa = PBXBuildFile; productRef = E359B16C29D087300030AADE /* PureLayout */; };
		E359B17029D087750030AADE /* MovieAppData in Frameworks */ = {isa = PBXBuildFile; productRef = E359B16F29D087750030AADE /* MovieAppData */; };
		E359B17229D08AAF0030AADE /* LogInViewController.swift in Sources */ = {isa = PBXBuildFile; fileRef = E359B17129D08AAF0030AADE /* LogInViewController.swift */; };
		E3864F8029D3167E004D7755 /* MovieDetailsViewController.swift in Sources */ = {isa = PBXBuildFile; fileRef = E3864F7F29D3167E004D7755 /* MovieDetailsViewController.swift */; };
		E3864F8229D31743004D7755 /* MovieDetailsWithCoverView.swift in Sources */ = {isa = PBXBuildFile; fileRef = E3864F8129D31743004D7755 /* MovieDetailsWithCoverView.swift */; };
		E3864F8629D3221C004D7755 /* SignInFields.swift in Sources */ = {isa = PBXBuildFile; fileRef = E3864F8529D3221C004D7755 /* SignInFields.swift */; };
		E3864F8829D33128004D7755 /* SignInLabel.swift in Sources */ = {isa = PBXBuildFile; fileRef = E3864F8729D33128004D7755 /* SignInLabel.swift */; };
		E3864F8A29D4D17A004D7755 /* MovieDetailsOverview.swift in Sources */ = {isa = PBXBuildFile; fileRef = E3864F8929D4D17A004D7755 /* MovieDetailsOverview.swift */; };
		E3864F9029D4EBD9004D7755 /* MovieDetailsCell.swift in Sources */ = {isa = PBXBuildFile; fileRef = E3864F8F29D4EBD9004D7755 /* MovieDetailsCell.swift */; };
		E39CEB8229E20F6200E38B28 /* MovieListViewController.swift in Sources */ = {isa = PBXBuildFile; fileRef = E39CEB8129E20F6200E38B28 /* MovieListViewController.swift */; };
		E39CEB8529E2157F00E38B28 /* MovieItemWithCover.swift in Sources */ = {isa = PBXBuildFile; fileRef = E39CEB8429E2157F00E38B28 /* MovieItemWithCover.swift */; };
		E39CEB8C29E350C800E38B28 /* MovieCategoryListViewController.swift in Sources */ = {isa = PBXBuildFile; fileRef = E39CEB8B29E350C800E38B28 /* MovieCategoryListViewController.swift */; };
		E39CEB8E29E3514200E38B28 /* MovieListWithName.swift in Sources */ = {isa = PBXBuildFile; fileRef = E39CEB8D29E3514200E38B28 /* MovieListWithName.swift */; };
		E39CEB9029E35D0900E38B28 /* MovieCoverWithStar.swift in Sources */ = {isa = PBXBuildFile; fileRef = E39CEB8F29E35D0900E38B28 /* MovieCoverWithStar.swift */; };
		E3D9A5DF29E48D8D006DA46F /* MovieCollectionView.swift in Sources */ = {isa = PBXBuildFile; fileRef = E3D9A5DE29E48D8D006DA46F /* MovieCollectionView.swift */; };
/* End PBXBuildFile section */

/* Begin PBXContainerItemProxy section */
		E359B14F29CF71560030AADE /* PBXContainerItemProxy */ = {
			isa = PBXContainerItemProxy;
			containerPortal = E359B13029CF71530030AADE /* Project object */;
			proxyType = 1;
			remoteGlobalIDString = E359B13729CF71530030AADE;
			remoteInfo = MovieApp;
		};
		E359B15929CF71570030AADE /* PBXContainerItemProxy */ = {
			isa = PBXContainerItemProxy;
			containerPortal = E359B13029CF71530030AADE /* Project object */;
			proxyType = 1;
			remoteGlobalIDString = E359B13729CF71530030AADE;
			remoteInfo = MovieApp;
		};
/* End PBXContainerItemProxy section */

/* Begin PBXFileReference section */
		E359B13829CF71530030AADE /* MovieApp.app */ = {isa = PBXFileReference; explicitFileType = wrapper.application; includeInIndex = 0; path = MovieApp.app; sourceTree = BUILT_PRODUCTS_DIR; };
		E359B13B29CF71530030AADE /* AppDelegate.swift */ = {isa = PBXFileReference; lastKnownFileType = sourcecode.swift; path = AppDelegate.swift; sourceTree = "<group>"; };
		E359B13D29CF71530030AADE /* SceneDelegate.swift */ = {isa = PBXFileReference; lastKnownFileType = sourcecode.swift; path = SceneDelegate.swift; sourceTree = "<group>"; };
		E359B14429CF71560030AADE /* Assets.xcassets */ = {isa = PBXFileReference; lastKnownFileType = folder.assetcatalog; path = Assets.xcassets; sourceTree = "<group>"; };
		E359B14729CF71560030AADE /* Base */ = {isa = PBXFileReference; lastKnownFileType = file.storyboard; name = Base; path = Base.lproj/LaunchScreen.storyboard; sourceTree = "<group>"; };
		E359B14929CF71560030AADE /* Info.plist */ = {isa = PBXFileReference; lastKnownFileType = text.plist.xml; path = Info.plist; sourceTree = "<group>"; };
		E359B14E29CF71560030AADE /* MovieAppTests.xctest */ = {isa = PBXFileReference; explicitFileType = wrapper.cfbundle; includeInIndex = 0; path = MovieAppTests.xctest; sourceTree = BUILT_PRODUCTS_DIR; };
		E359B15229CF71560030AADE /* MovieAppTests.swift */ = {isa = PBXFileReference; lastKnownFileType = sourcecode.swift; path = MovieAppTests.swift; sourceTree = "<group>"; };
		E359B15829CF71570030AADE /* MovieAppUITests.xctest */ = {isa = PBXFileReference; explicitFileType = wrapper.cfbundle; includeInIndex = 0; path = MovieAppUITests.xctest; sourceTree = BUILT_PRODUCTS_DIR; };
		E359B15C29CF71570030AADE /* MovieAppUITests.swift */ = {isa = PBXFileReference; lastKnownFileType = sourcecode.swift; path = MovieAppUITests.swift; sourceTree = "<group>"; };
		E359B15E29CF71570030AADE /* MovieAppUITestsLaunchTests.swift */ = {isa = PBXFileReference; lastKnownFileType = sourcecode.swift; path = MovieAppUITestsLaunchTests.swift; sourceTree = "<group>"; };
		E359B17129D08AAF0030AADE /* LogInViewController.swift */ = {isa = PBXFileReference; lastKnownFileType = sourcecode.swift; path = LogInViewController.swift; sourceTree = "<group>"; };
		E3864F7F29D3167E004D7755 /* MovieDetailsViewController.swift */ = {isa = PBXFileReference; lastKnownFileType = sourcecode.swift; path = MovieDetailsViewController.swift; sourceTree = "<group>"; };
		E3864F8129D31743004D7755 /* MovieDetailsWithCoverView.swift */ = {isa = PBXFileReference; lastKnownFileType = sourcecode.swift; path = MovieDetailsWithCoverView.swift; sourceTree = "<group>"; };
		E3864F8529D3221C004D7755 /* SignInFields.swift */ = {isa = PBXFileReference; lastKnownFileType = sourcecode.swift; path = SignInFields.swift; sourceTree = "<group>"; };
		E3864F8729D33128004D7755 /* SignInLabel.swift */ = {isa = PBXFileReference; lastKnownFileType = sourcecode.swift; path = SignInLabel.swift; sourceTree = "<group>"; };
		E3864F8929D4D17A004D7755 /* MovieDetailsOverview.swift */ = {isa = PBXFileReference; lastKnownFileType = sourcecode.swift; path = MovieDetailsOverview.swift; sourceTree = "<group>"; };
		E3864F8F29D4EBD9004D7755 /* MovieDetailsCell.swift */ = {isa = PBXFileReference; lastKnownFileType = sourcecode.swift; path = MovieDetailsCell.swift; sourceTree = "<group>"; };
		E39CEB8129E20F6200E38B28 /* MovieListViewController.swift */ = {isa = PBXFileReference; lastKnownFileType = sourcecode.swift; path = MovieListViewController.swift; sourceTree = "<group>"; };
		E39CEB8429E2157F00E38B28 /* MovieItemWithCover.swift */ = {isa = PBXFileReference; lastKnownFileType = sourcecode.swift; path = MovieItemWithCover.swift; sourceTree = "<group>"; };
		E39CEB8B29E350C800E38B28 /* MovieCategoryListViewController.swift */ = {isa = PBXFileReference; lastKnownFileType = sourcecode.swift; path = MovieCategoryListViewController.swift; sourceTree = "<group>"; };
		E39CEB8D29E3514200E38B28 /* MovieListWithName.swift */ = {isa = PBXFileReference; lastKnownFileType = sourcecode.swift; path = MovieListWithName.swift; sourceTree = "<group>"; };
		E39CEB8F29E35D0900E38B28 /* MovieCoverWithStar.swift */ = {isa = PBXFileReference; lastKnownFileType = sourcecode.swift; path = MovieCoverWithStar.swift; sourceTree = "<group>"; };
		E3D9A5DE29E48D8D006DA46F /* MovieCollectionView.swift */ = {isa = PBXFileReference; lastKnownFileType = sourcecode.swift; path = MovieCollectionView.swift; sourceTree = "<group>"; };
/* End PBXFileReference section */

/* Begin PBXFrameworksBuildPhase section */
		E359B13529CF71530030AADE /* Frameworks */ = {
			isa = PBXFrameworksBuildPhase;
			buildActionMask = 2147483647;
			files = (
				E359B16D29D087300030AADE /* PureLayout in Frameworks */,
				E359B17029D087750030AADE /* MovieAppData in Frameworks */,
			);
			runOnlyForDeploymentPostprocessing = 0;
		};
		E359B14B29CF71560030AADE /* Frameworks */ = {
			isa = PBXFrameworksBuildPhase;
			buildActionMask = 2147483647;
			files = (
			);
			runOnlyForDeploymentPostprocessing = 0;
		};
		E359B15529CF71570030AADE /* Frameworks */ = {
			isa = PBXFrameworksBuildPhase;
			buildActionMask = 2147483647;
			files = (
			);
			runOnlyForDeploymentPostprocessing = 0;
		};
/* End PBXFrameworksBuildPhase section */

/* Begin PBXGroup section */
		E359B12F29CF71530030AADE = {
			isa = PBXGroup;
			children = (
				E359B13A29CF71530030AADE /* MovieApp */,
				E359B15129CF71560030AADE /* MovieAppTests */,
				E359B15B29CF71570030AADE /* MovieAppUITests */,
				E359B13929CF71530030AADE /* Products */,
			);
			sourceTree = "<group>";
		};
		E359B13929CF71530030AADE /* Products */ = {
			isa = PBXGroup;
			children = (
				E359B13829CF71530030AADE /* MovieApp.app */,
				E359B14E29CF71560030AADE /* MovieAppTests.xctest */,
				E359B15829CF71570030AADE /* MovieAppUITests.xctest */,
			);
			name = Products;
			sourceTree = "<group>";
		};
		E359B13A29CF71530030AADE /* MovieApp */ = {
			isa = PBXGroup;
			children = (
				E39CEB8329E214FE00E38B28 /* Components */,
				E359B17329D092BF0030AADE /* views */,
				E359B13B29CF71530030AADE /* AppDelegate.swift */,
				E359B13D29CF71530030AADE /* SceneDelegate.swift */,
				E359B14429CF71560030AADE /* Assets.xcassets */,
				E359B14629CF71560030AADE /* LaunchScreen.storyboard */,
				E359B14929CF71560030AADE /* Info.plist */,
				E359B17129D08AAF0030AADE /* LogInViewController.swift */,
				E39CEB8129E20F6200E38B28 /* MovieListViewController.swift */,
				E3864F7F29D3167E004D7755 /* MovieDetailsViewController.swift */,
				E39CEB8B29E350C800E38B28 /* MovieCategoryListViewController.swift */,
			);
			path = MovieApp;
			sourceTree = "<group>";
		};
		E359B15129CF71560030AADE /* MovieAppTests */ = {
			isa = PBXGroup;
			children = (
				E359B15229CF71560030AADE /* MovieAppTests.swift */,
			);
			path = MovieAppTests;
			sourceTree = "<group>";
		};
		E359B15B29CF71570030AADE /* MovieAppUITests */ = {
			isa = PBXGroup;
			children = (
				E359B15C29CF71570030AADE /* MovieAppUITests.swift */,
				E359B15E29CF71570030AADE /* MovieAppUITestsLaunchTests.swift */,
			);
			path = MovieAppUITests;
			sourceTree = "<group>";
		};
		E359B17329D092BF0030AADE /* views */ = {
			isa = PBXGroup;
			children = (
				E3864F8429D321F3004D7755 /* MovieDetails */,
				E3864F8329D321E9004D7755 /* Common */,
			);
			path = views;
			sourceTree = "<group>";
		};
		E3864F8329D321E9004D7755 /* Common */ = {
			isa = PBXGroup;
			children = (
				E3864F8529D3221C004D7755 /* SignInFields.swift */,
				E3864F8729D33128004D7755 /* SignInLabel.swift */,
			);
			path = Common;
			sourceTree = "<group>";
		};
		E3864F8429D321F3004D7755 /* MovieDetails */ = {
			isa = PBXGroup;
			children = (
				E3864F8129D31743004D7755 /* MovieDetailsWithCoverView.swift */,
				E3864F8929D4D17A004D7755 /* MovieDetailsOverview.swift */,
				E3864F8F29D4EBD9004D7755 /* MovieDetailsCell.swift */,
			);
			path = MovieDetails;
			sourceTree = "<group>";
		};
		E39CEB8329E214FE00E38B28 /* Components */ = {
			isa = PBXGroup;
			children = (
				E39CEB8429E2157F00E38B28 /* MovieItemWithCover.swift */,
				E39CEB8D29E3514200E38B28 /* MovieListWithName.swift */,
				E39CEB8F29E35D0900E38B28 /* MovieCoverWithStar.swift */,
				E3D9A5DE29E48D8D006DA46F /* MovieCollectionView.swift */,
			);
			path = Components;
			sourceTree = "<group>";
		};
/* End PBXGroup section */

/* Begin PBXNativeTarget section */
		E359B13729CF71530030AADE /* MovieApp */ = {
			isa = PBXNativeTarget;
			buildConfigurationList = E359B16229CF71570030AADE /* Build configuration list for PBXNativeTarget "MovieApp" */;
			buildPhases = (
				E359B13429CF71530030AADE /* Sources */,
				E359B13529CF71530030AADE /* Frameworks */,
				E359B13629CF71530030AADE /* Resources */,
			);
			buildRules = (
			);
			dependencies = (
			);
			name = MovieApp;
			packageProductDependencies = (
				E359B16C29D087300030AADE /* PureLayout */,
				E359B16F29D087750030AADE /* MovieAppData */,
			);
			productName = MovieApp;
			productReference = E359B13829CF71530030AADE /* MovieApp.app */;
			productType = "com.apple.product-type.application";
		};
		E359B14D29CF71560030AADE /* MovieAppTests */ = {
			isa = PBXNativeTarget;
			buildConfigurationList = E359B16529CF71570030AADE /* Build configuration list for PBXNativeTarget "MovieAppTests" */;
			buildPhases = (
				E359B14A29CF71560030AADE /* Sources */,
				E359B14B29CF71560030AADE /* Frameworks */,
				E359B14C29CF71560030AADE /* Resources */,
			);
			buildRules = (
			);
			dependencies = (
				E359B15029CF71560030AADE /* PBXTargetDependency */,
			);
			name = MovieAppTests;
			productName = MovieAppTests;
			productReference = E359B14E29CF71560030AADE /* MovieAppTests.xctest */;
			productType = "com.apple.product-type.bundle.unit-test";
		};
		E359B15729CF71570030AADE /* MovieAppUITests */ = {
			isa = PBXNativeTarget;
			buildConfigurationList = E359B16829CF71570030AADE /* Build configuration list for PBXNativeTarget "MovieAppUITests" */;
			buildPhases = (
				E359B15429CF71570030AADE /* Sources */,
				E359B15529CF71570030AADE /* Frameworks */,
				E359B15629CF71570030AADE /* Resources */,
			);
			buildRules = (
			);
			dependencies = (
				E359B15A29CF71570030AADE /* PBXTargetDependency */,
			);
			name = MovieAppUITests;
			productName = MovieAppUITests;
			productReference = E359B15829CF71570030AADE /* MovieAppUITests.xctest */;
			productType = "com.apple.product-type.bundle.ui-testing";
		};
/* End PBXNativeTarget section */

/* Begin PBXProject section */
		E359B13029CF71530030AADE /* Project object */ = {
			isa = PBXProject;
			attributes = {
				BuildIndependentTargetsInParallel = 1;
				LastSwiftUpdateCheck = 1420;
				LastUpgradeCheck = 1420;
				TargetAttributes = {
					E359B13729CF71530030AADE = {
						CreatedOnToolsVersion = 14.2;
					};
					E359B14D29CF71560030AADE = {
						CreatedOnToolsVersion = 14.2;
						TestTargetID = E359B13729CF71530030AADE;
					};
					E359B15729CF71570030AADE = {
						CreatedOnToolsVersion = 14.2;
						TestTargetID = E359B13729CF71530030AADE;
					};
				};
			};
			buildConfigurationList = E359B13329CF71530030AADE /* Build configuration list for PBXProject "MovieApp" */;
			compatibilityVersion = "Xcode 14.0";
			developmentRegion = en;
			hasScannedForEncodings = 0;
			knownRegions = (
				en,
				Base,
			);
			mainGroup = E359B12F29CF71530030AADE;
			packageReferences = (
				E359B16B29D087300030AADE /* XCRemoteSwiftPackageReference "PureLayout" */,
				E359B16E29D087750030AADE /* XCRemoteSwiftPackageReference "MovieAppData" */,
			);
			productRefGroup = E359B13929CF71530030AADE /* Products */;
			projectDirPath = "";
			projectRoot = "";
			targets = (
				E359B13729CF71530030AADE /* MovieApp */,
				E359B14D29CF71560030AADE /* MovieAppTests */,
				E359B15729CF71570030AADE /* MovieAppUITests */,
			);
		};
/* End PBXProject section */

/* Begin PBXResourcesBuildPhase section */
		E359B13629CF71530030AADE /* Resources */ = {
			isa = PBXResourcesBuildPhase;
			buildActionMask = 2147483647;
			files = (
				E359B14829CF71560030AADE /* LaunchScreen.storyboard in Resources */,
				E359B14529CF71560030AADE /* Assets.xcassets in Resources */,
			);
			runOnlyForDeploymentPostprocessing = 0;
		};
		E359B14C29CF71560030AADE /* Resources */ = {
			isa = PBXResourcesBuildPhase;
			buildActionMask = 2147483647;
			files = (
			);
			runOnlyForDeploymentPostprocessing = 0;
		};
		E359B15629CF71570030AADE /* Resources */ = {
			isa = PBXResourcesBuildPhase;
			buildActionMask = 2147483647;
			files = (
			);
			runOnlyForDeploymentPostprocessing = 0;
		};
/* End PBXResourcesBuildPhase section */

/* Begin PBXSourcesBuildPhase section */
		E359B13429CF71530030AADE /* Sources */ = {
			isa = PBXSourcesBuildPhase;
			buildActionMask = 2147483647;
			files = (
				E3864F8029D3167E004D7755 /* MovieDetailsViewController.swift in Sources */,
				E39CEB8C29E350C800E38B28 /* MovieCategoryListViewController.swift in Sources */,
				E39CEB8229E20F6200E38B28 /* MovieListViewController.swift in Sources */,
				E359B17229D08AAF0030AADE /* LogInViewController.swift in Sources */,
				E39CEB9029E35D0900E38B28 /* MovieCoverWithStar.swift in Sources */,
				E39CEB8529E2157F00E38B28 /* MovieItemWithCover.swift in Sources */,
				E3864F8A29D4D17A004D7755 /* MovieDetailsOverview.swift in Sources */,
				E3864F8229D31743004D7755 /* MovieDetailsWithCoverView.swift in Sources */,
				E3D9A5DF29E48D8D006DA46F /* MovieCollectionView.swift in Sources */,
				E39CEB8E29E3514200E38B28 /* MovieListWithName.swift in Sources */,
				E359B13C29CF71530030AADE /* AppDelegate.swift in Sources */,
				E3864F8829D33128004D7755 /* SignInLabel.swift in Sources */,
				E3864F8629D3221C004D7755 /* SignInFields.swift in Sources */,
				E359B13E29CF71530030AADE /* SceneDelegate.swift in Sources */,
				E3864F9029D4EBD9004D7755 /* MovieDetailsCell.swift in Sources */,
			);
			runOnlyForDeploymentPostprocessing = 0;
		};
		E359B14A29CF71560030AADE /* Sources */ = {
			isa = PBXSourcesBuildPhase;
			buildActionMask = 2147483647;
			files = (
				E359B15329CF71560030AADE /* MovieAppTests.swift in Sources */,
			);
			runOnlyForDeploymentPostprocessing = 0;
		};
		E359B15429CF71570030AADE /* Sources */ = {
			isa = PBXSourcesBuildPhase;
			buildActionMask = 2147483647;
			files = (
				E359B15F29CF71570030AADE /* MovieAppUITestsLaunchTests.swift in Sources */,
				E359B15D29CF71570030AADE /* MovieAppUITests.swift in Sources */,
			);
			runOnlyForDeploymentPostprocessing = 0;
		};
/* End PBXSourcesBuildPhase section */

/* Begin PBXTargetDependency section */
		E359B15029CF71560030AADE /* PBXTargetDependency */ = {
			isa = PBXTargetDependency;
			target = E359B13729CF71530030AADE /* MovieApp */;
			targetProxy = E359B14F29CF71560030AADE /* PBXContainerItemProxy */;
		};
		E359B15A29CF71570030AADE /* PBXTargetDependency */ = {
			isa = PBXTargetDependency;
			target = E359B13729CF71530030AADE /* MovieApp */;
			targetProxy = E359B15929CF71570030AADE /* PBXContainerItemProxy */;
		};
/* End PBXTargetDependency section */

/* Begin PBXVariantGroup section */
		E359B14629CF71560030AADE /* LaunchScreen.storyboard */ = {
			isa = PBXVariantGroup;
			children = (
				E359B14729CF71560030AADE /* Base */,
			);
			name = LaunchScreen.storyboard;
			sourceTree = "<group>";
		};
/* End PBXVariantGroup section */

/* Begin XCBuildConfiguration section */
		E359B16029CF71570030AADE /* Debug */ = {
			isa = XCBuildConfiguration;
			buildSettings = {
				ALWAYS_SEARCH_USER_PATHS = NO;
				CLANG_ANALYZER_NONNULL = YES;
				CLANG_ANALYZER_NUMBER_OBJECT_CONVERSION = YES_AGGRESSIVE;
				CLANG_CXX_LANGUAGE_STANDARD = "gnu++20";
				CLANG_ENABLE_MODULES = YES;
				CLANG_ENABLE_OBJC_ARC = YES;
				CLANG_ENABLE_OBJC_WEAK = YES;
				CLANG_WARN_BLOCK_CAPTURE_AUTORELEASING = YES;
				CLANG_WARN_BOOL_CONVERSION = YES;
				CLANG_WARN_COMMA = YES;
				CLANG_WARN_CONSTANT_CONVERSION = YES;
				CLANG_WARN_DEPRECATED_OBJC_IMPLEMENTATIONS = YES;
				CLANG_WARN_DIRECT_OBJC_ISA_USAGE = YES_ERROR;
				CLANG_WARN_DOCUMENTATION_COMMENTS = YES;
				CLANG_WARN_EMPTY_BODY = YES;
				CLANG_WARN_ENUM_CONVERSION = YES;
				CLANG_WARN_INFINITE_RECURSION = YES;
				CLANG_WARN_INT_CONVERSION = YES;
				CLANG_WARN_NON_LITERAL_NULL_CONVERSION = YES;
				CLANG_WARN_OBJC_IMPLICIT_RETAIN_SELF = YES;
				CLANG_WARN_OBJC_LITERAL_CONVERSION = YES;
				CLANG_WARN_OBJC_ROOT_CLASS = YES_ERROR;
				CLANG_WARN_QUOTED_INCLUDE_IN_FRAMEWORK_HEADER = YES;
				CLANG_WARN_RANGE_LOOP_ANALYSIS = YES;
				CLANG_WARN_STRICT_PROTOTYPES = YES;
				CLANG_WARN_SUSPICIOUS_MOVE = YES;
				CLANG_WARN_UNGUARDED_AVAILABILITY = YES_AGGRESSIVE;
				CLANG_WARN_UNREACHABLE_CODE = YES;
				CLANG_WARN__DUPLICATE_METHOD_MATCH = YES;
				COPY_PHASE_STRIP = NO;
				DEBUG_INFORMATION_FORMAT = dwarf;
				ENABLE_STRICT_OBJC_MSGSEND = YES;
				ENABLE_TESTABILITY = YES;
				GCC_C_LANGUAGE_STANDARD = gnu11;
				GCC_DYNAMIC_NO_PIC = NO;
				GCC_NO_COMMON_BLOCKS = YES;
				GCC_OPTIMIZATION_LEVEL = 0;
				GCC_PREPROCESSOR_DEFINITIONS = (
					"DEBUG=1",
					"$(inherited)",
				);
				GCC_WARN_64_TO_32_BIT_CONVERSION = YES;
				GCC_WARN_ABOUT_RETURN_TYPE = YES_ERROR;
				GCC_WARN_UNDECLARED_SELECTOR = YES;
				GCC_WARN_UNINITIALIZED_AUTOS = YES_AGGRESSIVE;
				GCC_WARN_UNUSED_FUNCTION = YES;
				GCC_WARN_UNUSED_VARIABLE = YES;
				IPHONEOS_DEPLOYMENT_TARGET = 16.2;
				MTL_ENABLE_DEBUG_INFO = INCLUDE_SOURCE;
				MTL_FAST_MATH = YES;
				ONLY_ACTIVE_ARCH = YES;
				SDKROOT = iphoneos;
				SWIFT_ACTIVE_COMPILATION_CONDITIONS = DEBUG;
				SWIFT_OPTIMIZATION_LEVEL = "-Onone";
			};
			name = Debug;
		};
		E359B16129CF71570030AADE /* Release */ = {
			isa = XCBuildConfiguration;
			buildSettings = {
				ALWAYS_SEARCH_USER_PATHS = NO;
				CLANG_ANALYZER_NONNULL = YES;
				CLANG_ANALYZER_NUMBER_OBJECT_CONVERSION = YES_AGGRESSIVE;
				CLANG_CXX_LANGUAGE_STANDARD = "gnu++20";
				CLANG_ENABLE_MODULES = YES;
				CLANG_ENABLE_OBJC_ARC = YES;
				CLANG_ENABLE_OBJC_WEAK = YES;
				CLANG_WARN_BLOCK_CAPTURE_AUTORELEASING = YES;
				CLANG_WARN_BOOL_CONVERSION = YES;
				CLANG_WARN_COMMA = YES;
				CLANG_WARN_CONSTANT_CONVERSION = YES;
				CLANG_WARN_DEPRECATED_OBJC_IMPLEMENTATIONS = YES;
				CLANG_WARN_DIRECT_OBJC_ISA_USAGE = YES_ERROR;
				CLANG_WARN_DOCUMENTATION_COMMENTS = YES;
				CLANG_WARN_EMPTY_BODY = YES;
				CLANG_WARN_ENUM_CONVERSION = YES;
				CLANG_WARN_INFINITE_RECURSION = YES;
				CLANG_WARN_INT_CONVERSION = YES;
				CLANG_WARN_NON_LITERAL_NULL_CONVERSION = YES;
				CLANG_WARN_OBJC_IMPLICIT_RETAIN_SELF = YES;
				CLANG_WARN_OBJC_LITERAL_CONVERSION = YES;
				CLANG_WARN_OBJC_ROOT_CLASS = YES_ERROR;
				CLANG_WARN_QUOTED_INCLUDE_IN_FRAMEWORK_HEADER = YES;
				CLANG_WARN_RANGE_LOOP_ANALYSIS = YES;
				CLANG_WARN_STRICT_PROTOTYPES = YES;
				CLANG_WARN_SUSPICIOUS_MOVE = YES;
				CLANG_WARN_UNGUARDED_AVAILABILITY = YES_AGGRESSIVE;
				CLANG_WARN_UNREACHABLE_CODE = YES;
				CLANG_WARN__DUPLICATE_METHOD_MATCH = YES;
				COPY_PHASE_STRIP = NO;
				DEBUG_INFORMATION_FORMAT = "dwarf-with-dsym";
				ENABLE_NS_ASSERTIONS = NO;
				ENABLE_STRICT_OBJC_MSGSEND = YES;
				GCC_C_LANGUAGE_STANDARD = gnu11;
				GCC_NO_COMMON_BLOCKS = YES;
				GCC_WARN_64_TO_32_BIT_CONVERSION = YES;
				GCC_WARN_ABOUT_RETURN_TYPE = YES_ERROR;
				GCC_WARN_UNDECLARED_SELECTOR = YES;
				GCC_WARN_UNINITIALIZED_AUTOS = YES_AGGRESSIVE;
				GCC_WARN_UNUSED_FUNCTION = YES;
				GCC_WARN_UNUSED_VARIABLE = YES;
				IPHONEOS_DEPLOYMENT_TARGET = 16.2;
				MTL_ENABLE_DEBUG_INFO = NO;
				MTL_FAST_MATH = YES;
				SDKROOT = iphoneos;
				SWIFT_COMPILATION_MODE = wholemodule;
				SWIFT_OPTIMIZATION_LEVEL = "-O";
				VALIDATE_PRODUCT = YES;
			};
			name = Release;
		};
		E359B16329CF71570030AADE /* Debug */ = {
			isa = XCBuildConfiguration;
			buildSettings = {
				ASSETCATALOG_COMPILER_APPICON_NAME = AppIcon;
				ASSETCATALOG_COMPILER_GLOBAL_ACCENT_COLOR_NAME = AccentColor;
				CODE_SIGN_STYLE = Automatic;
				CURRENT_PROJECT_VERSION = 1;
				GENERATE_INFOPLIST_FILE = YES;
				INFOPLIST_FILE = MovieApp/Info.plist;
				INFOPLIST_KEY_UIApplicationSupportsIndirectInputEvents = YES;
				INFOPLIST_KEY_UILaunchStoryboardName = LaunchScreen;
				INFOPLIST_KEY_UISupportedInterfaceOrientations_iPad = "UIInterfaceOrientationPortrait UIInterfaceOrientationPortraitUpsideDown UIInterfaceOrientationLandscapeLeft UIInterfaceOrientationLandscapeRight";
				INFOPLIST_KEY_UISupportedInterfaceOrientations_iPhone = "UIInterfaceOrientationPortrait UIInterfaceOrientationLandscapeLeft UIInterfaceOrientationLandscapeRight";
				LD_RUNPATH_SEARCH_PATHS = (
					"$(inherited)",
					"@executable_path/Frameworks",
				);
				MARKETING_VERSION = 1.0;
				PRODUCT_BUNDLE_IDENTIFIER = hr.fer.milan.vrankic.MovieApp;
				PRODUCT_NAME = "$(TARGET_NAME)";
				SWIFT_EMIT_LOC_STRINGS = YES;
				SWIFT_VERSION = 5.0;
				TARGETED_DEVICE_FAMILY = "1,2";
			};
			name = Debug;
		};
		E359B16429CF71570030AADE /* Release */ = {
			isa = XCBuildConfiguration;
			buildSettings = {
				ASSETCATALOG_COMPILER_APPICON_NAME = AppIcon;
				ASSETCATALOG_COMPILER_GLOBAL_ACCENT_COLOR_NAME = AccentColor;
				CODE_SIGN_STYLE = Automatic;
				CURRENT_PROJECT_VERSION = 1;
				GENERATE_INFOPLIST_FILE = YES;
				INFOPLIST_FILE = MovieApp/Info.plist;
				INFOPLIST_KEY_UIApplicationSupportsIndirectInputEvents = YES;
				INFOPLIST_KEY_UILaunchStoryboardName = LaunchScreen;
				INFOPLIST_KEY_UISupportedInterfaceOrientations_iPad = "UIInterfaceOrientationPortrait UIInterfaceOrientationPortraitUpsideDown UIInterfaceOrientationLandscapeLeft UIInterfaceOrientationLandscapeRight";
				INFOPLIST_KEY_UISupportedInterfaceOrientations_iPhone = "UIInterfaceOrientationPortrait UIInterfaceOrientationLandscapeLeft UIInterfaceOrientationLandscapeRight";
				LD_RUNPATH_SEARCH_PATHS = (
					"$(inherited)",
					"@executable_path/Frameworks",
				);
				MARKETING_VERSION = 1.0;
				PRODUCT_BUNDLE_IDENTIFIER = hr.fer.milan.vrankic.MovieApp;
				PRODUCT_NAME = "$(TARGET_NAME)";
				SWIFT_EMIT_LOC_STRINGS = YES;
				SWIFT_VERSION = 5.0;
				TARGETED_DEVICE_FAMILY = "1,2";
			};
			name = Release;
		};
		E359B16629CF71570030AADE /* Debug */ = {
			isa = XCBuildConfiguration;
			buildSettings = {
				ALWAYS_EMBED_SWIFT_STANDARD_LIBRARIES = YES;
				BUNDLE_LOADER = "$(TEST_HOST)";
				CODE_SIGN_STYLE = Automatic;
				CURRENT_PROJECT_VERSION = 1;
				GENERATE_INFOPLIST_FILE = YES;
				IPHONEOS_DEPLOYMENT_TARGET = 16.2;
				MARKETING_VERSION = 1.0;
				PRODUCT_BUNDLE_IDENTIFIER = hr.fer.milan.vrankic.MovieAppTests;
				PRODUCT_NAME = "$(TARGET_NAME)";
				SWIFT_EMIT_LOC_STRINGS = NO;
				SWIFT_VERSION = 5.0;
				TARGETED_DEVICE_FAMILY = "1,2";
				TEST_HOST = "$(BUILT_PRODUCTS_DIR)/MovieApp.app/$(BUNDLE_EXECUTABLE_FOLDER_PATH)/MovieApp";
			};
			name = Debug;
		};
		E359B16729CF71570030AADE /* Release */ = {
			isa = XCBuildConfiguration;
			buildSettings = {
				ALWAYS_EMBED_SWIFT_STANDARD_LIBRARIES = YES;
				BUNDLE_LOADER = "$(TEST_HOST)";
				CODE_SIGN_STYLE = Automatic;
				CURRENT_PROJECT_VERSION = 1;
				GENERATE_INFOPLIST_FILE = YES;
				IPHONEOS_DEPLOYMENT_TARGET = 16.2;
				MARKETING_VERSION = 1.0;
				PRODUCT_BUNDLE_IDENTIFIER = hr.fer.milan.vrankic.MovieAppTests;
				PRODUCT_NAME = "$(TARGET_NAME)";
				SWIFT_EMIT_LOC_STRINGS = NO;
				SWIFT_VERSION = 5.0;
				TARGETED_DEVICE_FAMILY = "1,2";
				TEST_HOST = "$(BUILT_PRODUCTS_DIR)/MovieApp.app/$(BUNDLE_EXECUTABLE_FOLDER_PATH)/MovieApp";
			};
			name = Release;
		};
		E359B16929CF71570030AADE /* Debug */ = {
			isa = XCBuildConfiguration;
			buildSettings = {
				ALWAYS_EMBED_SWIFT_STANDARD_LIBRARIES = YES;
				CODE_SIGN_STYLE = Automatic;
				CURRENT_PROJECT_VERSION = 1;
				GENERATE_INFOPLIST_FILE = YES;
				MARKETING_VERSION = 1.0;
				PRODUCT_BUNDLE_IDENTIFIER = hr.fer.milan.vrankic.MovieAppUITests;
				PRODUCT_NAME = "$(TARGET_NAME)";
				SWIFT_EMIT_LOC_STRINGS = NO;
				SWIFT_VERSION = 5.0;
				TARGETED_DEVICE_FAMILY = "1,2";
				TEST_TARGET_NAME = MovieApp;
			};
			name = Debug;
		};
		E359B16A29CF71570030AADE /* Release */ = {
			isa = XCBuildConfiguration;
			buildSettings = {
				ALWAYS_EMBED_SWIFT_STANDARD_LIBRARIES = YES;
				CODE_SIGN_STYLE = Automatic;
				CURRENT_PROJECT_VERSION = 1;
				GENERATE_INFOPLIST_FILE = YES;
				MARKETING_VERSION = 1.0;
				PRODUCT_BUNDLE_IDENTIFIER = hr.fer.milan.vrankic.MovieAppUITests;
				PRODUCT_NAME = "$(TARGET_NAME)";
				SWIFT_EMIT_LOC_STRINGS = NO;
				SWIFT_VERSION = 5.0;
				TARGETED_DEVICE_FAMILY = "1,2";
				TEST_TARGET_NAME = MovieApp;
			};
			name = Release;
		};
/* End XCBuildConfiguration section */

/* Begin XCConfigurationList section */
		E359B13329CF71530030AADE /* Build configuration list for PBXProject "MovieApp" */ = {
			isa = XCConfigurationList;
			buildConfigurations = (
				E359B16029CF71570030AADE /* Debug */,
				E359B16129CF71570030AADE /* Release */,
			);
			defaultConfigurationIsVisible = 0;
			defaultConfigurationName = Release;
		};
		E359B16229CF71570030AADE /* Build configuration list for PBXNativeTarget "MovieApp" */ = {
			isa = XCConfigurationList;
			buildConfigurations = (
				E359B16329CF71570030AADE /* Debug */,
				E359B16429CF71570030AADE /* Release */,
			);
			defaultConfigurationIsVisible = 0;
			defaultConfigurationName = Release;
		};
		E359B16529CF71570030AADE /* Build configuration list for PBXNativeTarget "MovieAppTests" */ = {
			isa = XCConfigurationList;
			buildConfigurations = (
				E359B16629CF71570030AADE /* Debug */,
				E359B16729CF71570030AADE /* Release */,
			);
			defaultConfigurationIsVisible = 0;
			defaultConfigurationName = Release;
		};
		E359B16829CF71570030AADE /* Build configuration list for PBXNativeTarget "MovieAppUITests" */ = {
			isa = XCConfigurationList;
			buildConfigurations = (
				E359B16929CF71570030AADE /* Debug */,
				E359B16A29CF71570030AADE /* Release */,
			);
			defaultConfigurationIsVisible = 0;
			defaultConfigurationName = Release;
		};
/* End XCConfigurationList section */

/* Begin XCRemoteSwiftPackageReference section */
		E359B16B29D087300030AADE /* XCRemoteSwiftPackageReference "PureLayout" */ = {
			isa = XCRemoteSwiftPackageReference;
			repositoryURL = "https://github.com/PureLayout/PureLayout.git";
			requirement = {
				kind = upToNextMajorVersion;
				minimumVersion = 3.0.0;
			};
		};
		E359B16E29D087750030AADE /* XCRemoteSwiftPackageReference "MovieAppData" */ = {
			isa = XCRemoteSwiftPackageReference;
			repositoryURL = "https://github.com/fiveagency/MovieAppData";
			requirement = {
				kind = upToNextMajorVersion;
				minimumVersion = 2.1.0;
			};
		};
/* End XCRemoteSwiftPackageReference section */

/* Begin XCSwiftPackageProductDependency section */
		E359B16C29D087300030AADE /* PureLayout */ = {
			isa = XCSwiftPackageProductDependency;
			package = E359B16B29D087300030AADE /* XCRemoteSwiftPackageReference "PureLayout" */;
			productName = PureLayout;
		};
		E359B16F29D087750030AADE /* MovieAppData */ = {
			isa = XCSwiftPackageProductDependency;
			package = E359B16E29D087750030AADE /* XCRemoteSwiftPackageReference "MovieAppData" */;
			productName = MovieAppData;
		};
/* End XCSwiftPackageProductDependency section */
	};
	rootObject = E359B13029CF71530030AADE /* Project object */;
}
